
Microsoft Visual Studio Solution File, Format Version 12.00
# Visual Studio Version 17
VisualStudioVersion = 17.8.34330.188
MinimumVisualStudioVersion = 10.0.40219.1
Project("{8BC9CEB8-8B4A-11D0-8D11-00A0C91BC942}") = "Project8", "Project8.vcxproj", "{7AED6445-95F9-4D72-BEFE-E43192701178}"
EndProject
Project("{54435603-DBB4-11D2-8724-00A0C9A8B90C}") = "扫雷", "..\..\setup项目打包\扫雷\扫雷.vdproj", "{C12FF888-A7A0-45D3-8837-38089C97C4EB}"
EndProject
Global
	GlobalSection(SolutionConfigurationPlatforms) = preSolution
		Debug|x64 = Debug|x64
		Debug|x86 = Debug|x86
		Release|x64 = Release|x64
		Release|x86 = Release|x86
	EndGlobalSection
	GlobalSection(ProjectConfigurationPlatforms) = postSolution
		{7AED6445-95F9-4D72-BEFE-E43192701178}.Debug|x64.ActiveCfg = Debug|x64
		{7AED6445-95F9-4D72-BEFE-E43192701178}.Debug|x64.Build.0 = Debug|x64
		{7AED6445-95F9-4D72-BEFE-E43192701178}.Debug|x86.ActiveCfg = Debug|Win32
		{7AED6445-95F9-4D72-BEFE-E43192701178}.Debug|x86.Build.0 = Debug|Win32
		{7AED6445-95F9-4D72-BEFE-E43192701178}.Release|x64.ActiveCfg = Release|x64
		{7AED6445-95F9-4D72-BEFE-E43192701178}.Release|x64.Build.0 = Release|x64
		{7AED6445-95F9-4D72-BEFE-E43192701178}.Release|x86.ActiveCfg = Release|Win32
		{7AED6445-95F9-4D72-BEFE-E43192701178}.Release|x86.Build.0 = Release|Win32
		{C12FF888-A7A0-45D3-8837-38089C97C4EB}.Debug|x64.ActiveCfg = Debug
		{C12FF888-A7A0-45D3-8837-38089C97C4EB}.Debug|x86.ActiveCfg = Debug
		{C12FF888-A7A0-45D3-8837-38089C97C4EB}.Release|x64.ActiveCfg = Release
		{C12FF888-A7A0-45D3-8837-38089C97C4EB}.Release|x86.ActiveCfg = Release
	EndGlobalSection
	GlobalSection(SolutionProperties) = preSolution
		HideSolutionNode = FALSE
	EndGlobalSection
	GlobalSection(ExtensibilityGlobals) = postSolution
		SolutionGuid = {97B3E236-8EF6-425E-8FE1-9842FB13D97A}
	EndGlobalSection
EndGlobal
